
Microsoft Visual Studio Solution File, Format Version 12.00
# Visual Studio Version 16
VisualStudioVersion = 16.0.30611.23
MinimumVisualStudioVersion = 10.0.40219.1
Project("{888888A0-9F3D-457C-B088-3A5042F75D52}") = "webcrowling", "webcrowling.pyproj", "{6BC87707-209C-40D2-AB73-0B270F8DB9D2}"
EndProject
Global
	GlobalSection(SolutionConfigurationPlatforms) = preSolution
		Debug|Any CPU = Debug|Any CPU
		Release|Any CPU = Release|Any CPU
	EndGlobalSection
	GlobalSection(ProjectConfigurationPlatforms) = postSolution
		{6BC87707-209C-40D2-AB73-0B270F8DB9D2}.Debug|Any CPU.ActiveCfg = Debug|Any CPU
		{6BC87707-209C-40D2-AB73-0B270F8DB9D2}.Release|Any CPU.ActiveCfg = Release|Any CPU
	EndGlobalSection
	GlobalSection(SolutionProperties) = preSolution
		HideSolutionNode = FALSE
	EndGlobalSection
	GlobalSection(ExtensibilityGlobals) = postSolution
		SolutionGuid = {BF118AB3-8138-427F-94D7-FFC094B7A2A9}
	EndGlobalSection
EndGlobal
